<?xml version="1.0" encoding="utf-8"?>
<Project ToolsVersion="4.0" xmlns="http://schemas.microsoft.com/developer/msbuild/2003">
  <ItemGroup>
    <Filter Include="Source Files">
      <UniqueIdentifier>{4FC737F1-C7A5-4376-A066-2A32D752A2FF}</UniqueIdentifier>
      <Extensions>cpp;c;cc;cxx;c++;cppm;ixx;def;odl;idl;hpj;bat;asm;asmx</Extensions>
    </Filter>
    <Filter Include="Header Files">
      <UniqueIdentifier>{93995380-89BD-4b04-88EB-625FBE52EBFB}</UniqueIdentifier>
      <Extensions>h;hh;hpp;hxx;h++;hm;inl;inc;ipp;xsd</Extensions>
    </Filter>
    <Filter Include="Resource Files">
      <UniqueIdentifier>{67DA6AB6-F800-4c08-8B7A-83BB121AAD01}</UniqueIdentifier>
      <Extensions>rc;ico;cur;bmp;dlg;rc2;rct;bin;rgs;gif;jpg;jpeg;jpe;resx;tiff;tif;png;wav;mfcribbon-ms</Extensions>
    </Filter>
  </ItemGroup>
  <ItemGroup>
    <ClCompile Include="src\main.cpp">
      <Filter>Source Files</Filter>
    </ClCompile>
    <ClCompile Include="include\OpenSSL\applink.c">
      <Filter>Source Files</Filter>
    </ClCompile>
    <ClCompile Include="src\pkcs11.cpp">
      <Filter>Source Files</Filter>
    </ClCompile>
    <ClCompile Include="src\freefn.cpp">
      <Filter>Source Files</Filter>
    </ClCompile>
    <ClCompile Include="src\signer.cpp">
      <Filter>Source Files</Filter>
    </ClCompile>
  </ItemGroup>
  <ItemGroup>
    <ClInclude Include="include\libp11\eng_err.h">
      <Filter>Header Files</Filter>
    </ClInclude>
    <ClInclude Include="include\libp11\engine.h">
      <Filter>Header Files</Filter>
    </ClInclude>
    <ClInclude Include="include\libp11\libp11.h">
      <Filter>Header Files</Filter>
    </ClInclude>
    <ClInclude Include="include\libp11\libp11-int.h">
      <Filter>Header Files</Filter>
    </ClInclude>
    <ClInclude Include="include\libp11\p11_err.h">
      <Filter>Header Files</Filter>
    </ClInclude>
    <ClInclude Include="include\libp11\p11_pthread.h">
      <Filter>Header Files</Filter>
    </ClInclude>
    <ClInclude Include="include\libp11\pkcs11.h">
      <Filter>Header Files</Filter>
    </ClInclude>
    <ClInclude Include="include\libxml2\libxml\c14n.h">
      <Filter>Header Files</Filter>
    </ClInclude>
    <ClInclude Include="include\libxml2\libxml\catalog.h">
      <Filter>Header Files</Filter>
    </ClInclude>
    <ClInclude Include="include\libxml2\libxml\chvalid.h">
      <Filter>Header Files</Filter>
    </ClInclude>
    <ClInclude Include="include\libxml2\libxml\debugXML.h">
      <Filter>Header Files</Filter>
    </ClInclude>
    <ClInclude Include="include\libxml2\libxml\dict.h">
      <Filter>Header Files</Filter>
    </ClInclude>
    <ClInclude Include="include\libxml2\libxml\DOCBparser.h">
      <Filter>Header Files</Filter>
    </ClInclude>
    <ClInclude Include="include\libxml2\libxml\encoding.h">
      <Filter>Header Files</Filter>
    </ClInclude>
    <ClInclude Include="include\libxml2\libxml\entities.h">
      <Filter>Header Files</Filter>
    </ClInclude>
    <ClInclude Include="include\libxml2\libxml\globals.h">
      <Filter>Header Files</Filter>
    </ClInclude>
    <ClInclude Include="include\libxml2\libxml\hash.h">
      <Filter>Header Files</Filter>
    </ClInclude>
    <ClInclude Include="include\libxml2\libxml\HTMLparser.h">
      <Filter>Header Files</Filter>
    </ClInclude>
    <ClInclude Include="include\libxml2\libxml\HTMLtree.h">
      <Filter>Header Files</Filter>
    </ClInclude>
    <ClInclude Include="include\libxml2\libxml\list.h">
      <Filter>Header Files</Filter>
    </ClInclude>
    <ClInclude Include="include\libxml2\libxml\nanoftp.h">
      <Filter>Header Files</Filter>
    </ClInclude>
    <ClInclude Include="include\libxml2\libxml\nanohttp.h">
      <Filter>Header Files</Filter>
    </ClInclude>
    <ClInclude Include="include\libxml2\libxml\parser.h">
      <Filter>Header Files</Filter>
    </ClInclude>
    <ClInclude Include="include\libxml2\libxml\parserInternals.h">
      <Filter>Header Files</Filter>
    </ClInclude>
    <ClInclude Include="include\libxml2\libxml\pattern.h">
      <Filter>Header Files</Filter>
    </ClInclude>
    <ClInclude Include="include\libxml2\libxml\relaxng.h">
      <Filter>Header Files</Filter>
    </ClInclude>
    <ClInclude Include="include\libxml2\libxml\SAX.h">
      <Filter>Header Files</Filter>
    </ClInclude>
    <ClInclude Include="include\libxml2\libxml\SAX2.h">
      <Filter>Header Files</Filter>
    </ClInclude>
    <ClInclude Include="include\libxml2\libxml\schemasInternals.h">
      <Filter>Header Files</Filter>
    </ClInclude>
    <ClInclude Include="include\libxml2\libxml\schematron.h">
      <Filter>Header Files</Filter>
    </ClInclude>
    <ClInclude Include="include\libxml2\libxml\threads.h">
      <Filter>Header Files</Filter>
    </ClInclude>
    <ClInclude Include="include\libxml2\libxml\tree.h">
      <Filter>Header Files</Filter>
    </ClInclude>
    <ClInclude Include="include\libxml2\libxml\uri.h">
      <Filter>Header Files</Filter>
    </ClInclude>
    <ClInclude Include="include\libxml2\libxml\valid.h">
      <Filter>Header Files</Filter>
    </ClInclude>
    <ClInclude Include="include\libxml2\libxml\xinclude.h">
      <Filter>Header Files</Filter>
    </ClInclude>
    <ClInclude Include="include\libxml2\libxml\xlink.h">
      <Filter>Header Files</Filter>
    </ClInclude>
    <ClInclude Include="include\libxml2\libxml\xmlautomata.h">
      <Filter>Header Files</Filter>
    </ClInclude>
    <ClInclude Include="include\libxml2\libxml\xmlerror.h">
      <Filter>Header Files</Filter>
    </ClInclude>
    <ClInclude Include="include\libxml2\libxml\xmlexports.h">
      <Filter>Header Files</Filter>
    </ClInclude>
    <ClInclude Include="include\libxml2\libxml\xmlIO.h">
      <Filter>Header Files</Filter>
    </ClInclude>
    <ClInclude Include="include\libxml2\libxml\xmlmemory.h">
      <Filter>Header Files</Filter>
    </ClInclude>
    <ClInclude Include="include\libxml2\libxml\xmlmodule.h">
      <Filter>Header Files</Filter>
    </ClInclude>
    <ClInclude Include="include\libxml2\libxml\xmlreader.h">
      <Filter>Header Files</Filter>
    </ClInclude>
    <ClInclude Include="include\libxml2\libxml\xmlregexp.h">
      <Filter>Header Files</Filter>
    </ClInclude>
    <ClInclude Include="include\libxml2\libxml\xmlsave.h">
      <Filter>Header Files</Filter>
    </ClInclude>
    <ClInclude Include="include\libxml2\libxml\xmlschemas.h">
      <Filter>Header Files</Filter>
    </ClInclude>
    <ClInclude Include="include\libxml2\libxml\xmlschemastypes.h">
      <Filter>Header Files</Filter>
    </ClInclude>
    <ClInclude Include="include\libxml2\libxml\xmlstring.h">
      <Filter>Header Files</Filter>
    </ClInclude>
    <ClInclude Include="include\libxml2\libxml\xmlunicode.h">
      <Filter>Header Files</Filter>
    </ClInclude>
    <ClInclude Include="include\libxml2\libxml\xmlversion.h">
      <Filter>Header Files</Filter>
    </ClInclude>
    <ClInclude Include="include\libxml2\libxml\xmlwriter.h">
      <Filter>Header Files</Filter>
    </ClInclude>
    <ClInclude Include="include\libxml2\libxml\xpath.h">
      <Filter>Header Files</Filter>
    </ClInclude>
    <ClInclude Include="include\libxml2\libxml\xpathInternals.h">
      <Filter>Header Files</Filter>
    </ClInclude>
    <ClInclude Include="include\libxml2\libxml\xpointer.h">
      <Filter>Header Files</Filter>
    </ClInclude>
    <ClInclude Include="include\OpenSSL\__DECC_INCLUDE_EPILOGUE.H">
      <Filter>Header Files</Filter>
    </ClInclude>
    <ClInclude Include="include\OpenSSL\__DECC_INCLUDE_PROLOGUE.H">
      <Filter>Header Files</Filter>
    </ClInclude>
    <ClInclude Include="include\OpenSSL\aes.h">
      <Filter>Header Files</Filter>
    </ClInclude>
    <ClInclude Include="include\OpenSSL\asn1.h">
      <Filter>Header Files</Filter>
    </ClInclude>
    <ClInclude Include="include\OpenSSL\asn1_mac.h">
      <Filter>Header Files</Filter>
    </ClInclude>
    <ClInclude Include="include\OpenSSL\asn1err.h">
      <Filter>Header Files</Filter>
    </ClInclude>
    <ClInclude Include="include\OpenSSL\asn1t.h">
      <Filter>Header Files</Filter>
    </ClInclude>
    <ClInclude Include="include\OpenSSL\async.h">
      <Filter>Header Files</Filter>
    </ClInclude>
    <ClInclude Include="include\OpenSSL\asyncerr.h">
      <Filter>Header Files</Filter>
    </ClInclude>
    <ClInclude Include="include\OpenSSL\bio.h">
      <Filter>Header Files</Filter>
    </ClInclude>
    <ClInclude Include="include\OpenSSL\bioerr.h">
      <Filter>Header Files</Filter>
    </ClInclude>
    <ClInclude Include="include\OpenSSL\blowfish.h">
      <Filter>Header Files</Filter>
    </ClInclude>
    <ClInclude Include="include\OpenSSL\bn.h">
      <Filter>Header Files</Filter>
    </ClInclude>
    <ClInclude Include="include\OpenSSL\bnerr.h">
      <Filter>Header Files</Filter>
    </ClInclude>
    <ClInclude Include="include\OpenSSL\buffer.h">
      <Filter>Header Files</Filter>
    </ClInclude>
    <ClInclude Include="include\OpenSSL\buffererr.h">
      <Filter>Header Files</Filter>
    </ClInclude>
    <ClInclude Include="include\OpenSSL\camellia.h">
      <Filter>Header Files</Filter>
    </ClInclude>
    <ClInclude Include="include\OpenSSL\cast.h">
      <Filter>Header Files</Filter>
    </ClInclude>
    <ClInclude Include="include\OpenSSL\cmac.h">
      <Filter>Header Files</Filter>
    </ClInclude>
    <ClInclude Include="include\OpenSSL\cms.h">
      <Filter>Header Files</Filter>
    </ClInclude>
    <ClInclude Include="include\OpenSSL\cmserr.h">
      <Filter>Header Files</Filter>
    </ClInclude>
    <ClInclude Include="include\OpenSSL\comp.h">
      <Filter>Header Files</Filter>
    </ClInclude>
    <ClInclude Include="include\OpenSSL\comperr.h">
      <Filter>Header Files</Filter>
    </ClInclude>
    <ClInclude Include="include\OpenSSL\conf.h">
      <Filter>Header Files</Filter>
    </ClInclude>
    <ClInclude Include="include\OpenSSL\conf_api.h">
      <Filter>Header Files</Filter>
    </ClInclude>
    <ClInclude Include="include\OpenSSL\conferr.h">
      <Filter>Header Files</Filter>
    </ClInclude>
    <ClInclude Include="include\OpenSSL\crypto.h">
      <Filter>Header Files</Filter>
    </ClInclude>
    <ClInclude Include="include\OpenSSL\cryptoerr.h">
      <Filter>Header Files</Filter>
    </ClInclude>
    <ClInclude Include="include\OpenSSL\ct.h">
      <Filter>Header Files</Filter>
    </ClInclude>
    <ClInclude Include="include\OpenSSL\cterr.h">
      <Filter>Header Files</Filter>
    </ClInclude>
    <ClInclude Include="include\OpenSSL\des.h">
      <Filter>Header Files</Filter>
    </ClInclude>
    <ClInclude Include="include\OpenSSL\dh.h">
      <Filter>Header Files</Filter>
    </ClInclude>
    <ClInclude Include="include\OpenSSL\dherr.h">
      <Filter>Header Files</Filter>
    </ClInclude>
    <ClInclude Include="include\OpenSSL\dsa.h">
      <Filter>Header Files</Filter>
    </ClInclude>
    <ClInclude Include="include\OpenSSL\dsaerr.h">
      <Filter>Header Files</Filter>
    </ClInclude>
    <ClInclude Include="include\OpenSSL\dtls1.h">
      <Filter>Header Files</Filter>
    </ClInclude>
    <ClInclude Include="include\OpenSSL\e_os2.h">
      <Filter>Header Files</Filter>
    </ClInclude>
    <ClInclude Include="include\OpenSSL\ebcdic.h">
      <Filter>Header Files</Filter>
    </ClInclude>
    <ClInclude Include="include\OpenSSL\ec.h">
      <Filter>Header Files</Filter>
    </ClInclude>
    <ClInclude Include="include\OpenSSL\ecdh.h">
      <Filter>Header Files</Filter>
    </ClInclude>
    <ClInclude Include="include\OpenSSL\ecdsa.h">
      <Filter>Header Files</Filter>
    </ClInclude>
    <ClInclude Include="include\OpenSSL\ecerr.h">
      <Filter>Header Files</Filter>
    </ClInclude>
    <ClInclude Include="include\OpenSSL\engine.h">
      <Filter>Header Files</Filter>
    </ClInclude>
    <ClInclude Include="include\OpenSSL\engineerr.h">
      <Filter>Header Files</Filter>
    </ClInclude>
    <ClInclude Include="include\OpenSSL\err.h">
      <Filter>Header Files</Filter>
    </ClInclude>
    <ClInclude Include="include\OpenSSL\evp.h">
      <Filter>Header Files</Filter>
    </ClInclude>
    <ClInclude Include="include\OpenSSL\evperr.h">
      <Filter>Header Files</Filter>
    </ClInclude>
    <ClInclude Include="include\OpenSSL\hmac.h">
      <Filter>Header Files</Filter>
    </ClInclude>
    <ClInclude Include="include\OpenSSL\idea.h">
      <Filter>Header Files</Filter>
    </ClInclude>
    <ClInclude Include="include\OpenSSL\kdf.h">
      <Filter>Header Files</Filter>
    </ClInclude>
    <ClInclude Include="include\OpenSSL\kdferr.h">
      <Filter>Header Files</Filter>
    </ClInclude>
    <ClInclude Include="include\OpenSSL\lhash.h">
      <Filter>Header Files</Filter>
    </ClInclude>
    <ClInclude Include="include\OpenSSL\md2.h">
      <Filter>Header Files</Filter>
    </ClInclude>
    <ClInclude Include="include\OpenSSL\md4.h">
      <Filter>Header Files</Filter>
    </ClInclude>
    <ClInclude Include="include\OpenSSL\md5.h">
      <Filter>Header Files</Filter>
    </ClInclude>
    <ClInclude Include="include\OpenSSL\mdc2.h">
      <Filter>Header Files</Filter>
    </ClInclude>
    <ClInclude Include="include\OpenSSL\modes.h">
      <Filter>Header Files</Filter>
    </ClInclude>
    <ClInclude Include="include\OpenSSL\obj_mac.h">
      <Filter>Header Files</Filter>
    </ClInclude>
    <ClInclude Include="include\OpenSSL\objects.h">
      <Filter>Header Files</Filter>
    </ClInclude>
    <ClInclude Include="include\OpenSSL\objectserr.h">
      <Filter>Header Files</Filter>
    </ClInclude>
    <ClInclude Include="include\OpenSSL\ocsp.h">
      <Filter>Header Files</Filter>
    </ClInclude>
    <ClInclude Include="include\OpenSSL\ocsperr.h">
      <Filter>Header Files</Filter>
    </ClInclude>
    <ClInclude Include="include\OpenSSL\opensslconf.h">
      <Filter>Header Files</Filter>
    </ClInclude>
    <ClInclude Include="include\OpenSSL\opensslv.h">
      <Filter>Header Files</Filter>
    </ClInclude>
    <ClInclude Include="include\OpenSSL\ossl_typ.h">
      <Filter>Header Files</Filter>
    </ClInclude>
    <ClInclude Include="include\OpenSSL\pem.h">
      <Filter>Header Files</Filter>
    </ClInclude>
    <ClInclude Include="include\OpenSSL\pem2.h">
      <Filter>Header Files</Filter>
    </ClInclude>
    <ClInclude Include="include\OpenSSL\pemerr.h">
      <Filter>Header Files</Filter>
    </ClInclude>
    <ClInclude Include="include\OpenSSL\pkcs7.h">
      <Filter>Header Files</Filter>
    </ClInclude>
    <ClInclude Include="include\OpenSSL\pkcs7err.h">
      <Filter>Header Files</Filter>
    </ClInclude>
    <ClInclude Include="include\OpenSSL\pkcs12.h">
      <Filter>Header Files</Filter>
    </ClInclude>
    <ClInclude Include="include\OpenSSL\pkcs12err.h">
      <Filter>Header Files</Filter>
    </ClInclude>
    <ClInclude Include="include\OpenSSL\rand.h">
      <Filter>Header Files</Filter>
    </ClInclude>
    <ClInclude Include="include\OpenSSL\rand_drbg.h">
      <Filter>Header Files</Filter>
    </ClInclude>
    <ClInclude Include="include\OpenSSL\randerr.h">
      <Filter>Header Files</Filter>
    </ClInclude>
    <ClInclude Include="include\OpenSSL\rc2.h">
      <Filter>Header Files</Filter>
    </ClInclude>
    <ClInclude Include="include\OpenSSL\rc4.h">
      <Filter>Header Files</Filter>
    </ClInclude>
    <ClInclude Include="include\OpenSSL\rc5.h">
      <Filter>Header Files</Filter>
    </ClInclude>
    <ClInclude Include="include\OpenSSL\ripemd.h">
      <Filter>Header Files</Filter>
    </ClInclude>
    <ClInclude Include="include\OpenSSL\rsa.h">
      <Filter>Header Files</Filter>
    </ClInclude>
    <ClInclude Include="include\OpenSSL\rsaerr.h">
      <Filter>Header Files</Filter>
    </ClInclude>
    <ClInclude Include="include\OpenSSL\safestack.h">
      <Filter>Header Files</Filter>
    </ClInclude>
    <ClInclude Include="include\OpenSSL\seed.h">
      <Filter>Header Files</Filter>
    </ClInclude>
    <ClInclude Include="include\OpenSSL\sha.h">
      <Filter>Header Files</Filter>
    </ClInclude>
    <ClInclude Include="include\OpenSSL\srp.h">
      <Filter>Header Files</Filter>
    </ClInclude>
    <ClInclude Include="include\OpenSSL\srtp.h">
      <Filter>Header Files</Filter>
    </ClInclude>
    <ClInclude Include="include\OpenSSL\ssl.h">
      <Filter>Header Files</Filter>
    </ClInclude>
    <ClInclude Include="include\OpenSSL\ssl2.h">
      <Filter>Header Files</Filter>
    </ClInclude>
    <ClInclude Include="include\OpenSSL\ssl3.h">
      <Filter>Header Files</Filter>
    </ClInclude>
    <ClInclude Include="include\OpenSSL\sslerr.h">
      <Filter>Header Files</Filter>
    </ClInclude>
    <ClInclude Include="include\OpenSSL\stack.h">
      <Filter>Header Files</Filter>
    </ClInclude>
    <ClInclude Include="include\OpenSSL\store.h">
      <Filter>Header Files</Filter>
    </ClInclude>
    <ClInclude Include="include\OpenSSL\storeerr.h">
      <Filter>Header Files</Filter>
    </ClInclude>
    <ClInclude Include="include\OpenSSL\symhacks.h">
      <Filter>Header Files</Filter>
    </ClInclude>
    <ClInclude Include="include\OpenSSL\tls1.h">
      <Filter>Header Files</Filter>
    </ClInclude>
    <ClInclude Include="include\OpenSSL\ts.h">
      <Filter>Header Files</Filter>
    </ClInclude>
    <ClInclude Include="include\OpenSSL\tserr.h">
      <Filter>Header Files</Filter>
    </ClInclude>
    <ClInclude Include="include\OpenSSL\txt_db.h">
      <Filter>Header Files</Filter>
    </ClInclude>
    <ClInclude Include="include\OpenSSL\ui.h">
      <Filter>Header Files</Filter>
    </ClInclude>
    <ClInclude Include="include\OpenSSL\uierr.h">
      <Filter>Header Files</Filter>
    </ClInclude>
    <ClInclude Include="include\OpenSSL\whrlpool.h">
      <Filter>Header Files</Filter>
    </ClInclude>
    <ClInclude Include="include\OpenSSL\x509.h">
      <Filter>Header Files</Filter>
    </ClInclude>
    <ClInclude Include="include\OpenSSL\x509_vfy.h">
      <Filter>Header Files</Filter>
    </ClInclude>
    <ClInclude Include="include\OpenSSL\x509err.h">
      <Filter>Header Files</Filter>
    </ClInclude>
    <ClInclude Include="include\OpenSSL\x509v3.h">
      <Filter>Header Files</Filter>
    </ClInclude>
    <ClInclude Include="include\OpenSSL\x509v3err.h">
      <Filter>Header Files</Filter>
    </ClInclude>
    <ClInclude Include="src\pkcs11.h">
      <Filter>Header Files</Filter>
    </ClInclude>
    <ClInclude Include="src\freefn.h">
      <Filter>Header Files</Filter>
    </ClInclude>
    <ClInclude Include="src\signer.h">
      <Filter>Header Files</Filter>
    </ClInclude>
  </ItemGroup>
  <ItemGroup>
    <None Include="include\libxml2\libxml\Makefile.am" />
    <None Include="include\libxml2\libxml\xmlversion.h.in" />
  </ItemGroup>
</Project>